
Microsoft Visual Studio Solution File, Format Version 12.00
# Visual Studio Version 17
VisualStudioVersion = 17.7.34009.444
MinimumVisualStudioVersion = 10.0.40219.1
Project("{FAE04EC0-301F-11D3-BF4B-00C04F79EFBC}") = "API.Adam", "API.Adam.csproj", "{60DEA7F3-0098-41A8-9DE8-18E9405FC35F}"
EndProject
Global
	GlobalSection(SolutionConfigurationPlatforms) = preSolution
		Debug|Any CPU = Debug|Any CPU
		Release|Any CPU = Release|Any CPU
	EndGlobalSection
	GlobalSection(ProjectConfigurationPlatforms) = postSolution
		{60DEA7F3-0098-41A8-9DE8-18E9405FC35F}.Debug|Any CPU.ActiveCfg = Debug|Any CPU
		{60DEA7F3-0098-41A8-9DE8-18E9405FC35F}.Debug|Any CPU.Build.0 = Debug|Any CPU
		{60DEA7F3-0098-41A8-9DE8-18E9405FC35F}.Release|Any CPU.ActiveCfg = Release|Any CPU
		{60DEA7F3-0098-41A8-9DE8-18E9405FC35F}.Release|Any CPU.Build.0 = Release|Any CPU
	EndGlobalSection
	GlobalSection(SolutionProperties) = preSolution
		HideSolutionNode = FALSE
	EndGlobalSection
	GlobalSection(ExtensibilityGlobals) = postSolution
		SolutionGuid = {5234C5C6-5F0A-4DAC-A9B3-264F75F3833B}
	EndGlobalSection
EndGlobal
